
Microsoft Visual Studio Solution File, Format Version 12.00
# Visual Studio 15
VisualStudioVersion = 15.0.27004.2002
MinimumVisualStudioVersion = 10.0.40219.1
Project("{FAE04EC0-301F-11D3-BF4B-00C04F79EFBC}") = "AnalisisLexico", "AnalisisLexico\AnalisisLexico.csproj", "{CCF26DD7-F638-41D9-B3F0-A1A7C363EC7A}"
EndProject
Global
	GlobalSection(SolutionConfigurationPlatforms) = preSolution
		Debug|Any CPU = Debug|Any CPU
		Release|Any CPU = Release|Any CPU
	EndGlobalSection
	GlobalSection(ProjectConfigurationPlatforms) = postSolution
		{CCF26DD7-F638-41D9-B3F0-A1A7C363EC7A}.Debug|Any CPU.ActiveCfg = Debug|Any CPU
		{CCF26DD7-F638-41D9-B3F0-A1A7C363EC7A}.Debug|Any CPU.Build.0 = Debug|Any CPU
		{CCF26DD7-F638-41D9-B3F0-A1A7C363EC7A}.Release|Any CPU.ActiveCfg = Release|Any CPU
		{CCF26DD7-F638-41D9-B3F0-A1A7C363EC7A}.Release|Any CPU.Build.0 = Release|Any CPU
	EndGlobalSection
	GlobalSection(SolutionProperties) = preSolution
		HideSolutionNode = FALSE
	EndGlobalSection
	GlobalSection(ExtensibilityGlobals) = postSolution
		SolutionGuid = {C347B8C4-63EC-41FD-A935-287BB6B13CFD}
	EndGlobalSection
EndGlobal
